// !$*UTF8*$!
{
	archiveVersion = 1;
	classes = {};
	objectVersion = 56;
	objects = {
		E1157BD903F1F30B6426DD8D = { isa = PBXFileReference; lastKnownFileType = sourcecode.swift; path = "SettingsView.swift"; sourceTree = "<group>"; };
		85CE17E87CC8F5CE4CC83091 = { isa = PBXBuildFile; fileRef = E1157BD903F1F30B6426DD8D; };
		212060B9C139A64F42B69A67 = { isa = PBXBuildFile; fileRef = E1157BD903F1F30B6426DD8D; };
		94FC6358B731981816001F76 = { isa = PBXFileReference; lastKnownFileType = sourcecode.swift; path = "SchemaV2.swift"; sourceTree = "<group>"; };
		7FAADB88B77B510A18D6FB51 = { isa = PBXBuildFile; fileRef = 94FC6358B731981816001F76; };
		8E497AC7A533390779B3E814 = { isa = PBXBuildFile; fileRef = 94FC6358B731981816001F76; };
		DF728DEB4C7E8754D313EFDE = { isa = PBXFileReference; lastKnownFileType = sourcecode.swift; path = "InventorySearch.swift"; sourceTree = "<group>"; };
		76CB2FC045C7A24F61167282 = { isa = PBXBuildFile; fileRef = DF728DEB4C7E8754D313EFDE; };
		67EDEAC275031786DD8C0048 = { isa = PBXBuildFile; fileRef = DF728DEB4C7E8754D313EFDE; };
		190E86600B312C7DA50C282E = { isa = PBXFileReference; lastKnownFileType = sourcecode.swift; path = "FormSupport.swift"; sourceTree = "<group>"; };
		3B19669463D0E690D6F7C24A = { isa = PBXBuildFile; fileRef = 190E86600B312C7DA50C282E; };
		E5072D6D37AEFACB8D6DF01F = { isa = PBXBuildFile; fileRef = 190E86600B312C7DA50C282E; };
		653E119771985BAF324902C0 = { isa = PBXFileReference; lastKnownFileType = sourcecode.swift; path = "CoverageRules.swift"; sourceTree = "<group>"; };
		C53AAC25265F9F5ECCBBDD2E = { isa = PBXBuildFile; fileRef = 653E119771985BAF324902C0; };
		143D3BD458BAF23D3F4A3208 = { isa = PBXBuildFile; fileRef = 653E119771985BAF324902C0; };
		3FF6E7D7C28A1567304E7414 = { isa = PBXFileReference; lastKnownFileType = sourcecode.swift; path = "CoverageEditorView.swift"; sourceTree = "<group>"; };
		ED0AA57D8BC815BFF8EBB3CE = { isa = PBXBuildFile; fileRef = 3FF6E7D7C28A1567304E7414; };
		629BB3041AE32D2623E91780 = { isa = PBXBuildFile; fileRef = 3FF6E7D7C28A1567304E7414; };
		B25918E9BF78135B777D6DA6 = { isa = PBXFileReference; lastKnownFileType = sourcecode.swift; path = "Catalog.swift"; sourceTree = "<group>"; };
		70EB7115145E86F76990EE01 = { isa = PBXBuildFile; fileRef = B25918E9BF78135B777D6DA6; };
		51FC6CBD62F82B21C05A69D8 = { isa = PBXBuildFile; fileRef = B25918E9BF78135B777D6DA6; };
		26CC1C5ED8D424DFDF1A778E = { isa = PBXFileReference; lastKnownFileType = sourcecode.swift; path = "CardsView.swift"; sourceTree = "<group>"; };
		95FB3414279CFBC53AA1BFB5 = { isa = PBXBuildFile; fileRef = 26CC1C5ED8D424DFDF1A778E; };
		8D3515C47673BDD87CCBF16C = { isa = PBXBuildFile; fileRef = 26CC1C5ED8D424DFDF1A778E; };
		CB6D7F59C698D185094EA30B = { isa = PBXFileReference; lastKnownFileType = sourcecode.swift; path = "DefaultsView.swift"; sourceTree = "<group>"; };
		A0E629A9C81FD8F224806541 = { isa = PBXFileReference; lastKnownFileType = sourcecode.swift; path = "InventoryView.swift"; sourceTree = "<group>"; };
		90EDE5C9464CF3701597110F = { isa = PBXFileReference; lastKnownFileType = sourcecode.swift; path = "ItemDetailView.swift"; sourceTree = "<group>"; };
		73F7024AD4730BD30A8BDB3B = { isa = PBXFileReference; lastKnownFileType = sourcecode.swift; path = "ItemEditorView.swift"; sourceTree = "<group>"; };
		AC27586DAB3DA9567AAD93F3 = { isa = PBXFileReference; lastKnownFileType = sourcecode.swift; path = "Models.swift"; sourceTree = "<group>"; };
		A4C1ED45F4E3CB3646C91B2D = { isa = PBXFileReference; lastKnownFileType = sourcecode.swift; path = "Values.swift"; sourceTree = "<group>"; };
		907048FBEAB0D9FC15FF9485 = { isa = PBXFileReference; lastKnownFileType = sourcecode.swift; path = "WarrantyTrackerApp.swift"; sourceTree = "<group>"; };
		482966011B6DA41BE9E2D31E = { isa = PBXFileReference; lastKnownFileType = sourcecode.swift; path = "WarrantyTrackerTests.swift"; sourceTree = "<group>"; };
		77E594EA1A903E02BB6E11B9 = { isa = PBXFileReference; lastKnownFileType = sourcecode.swift; path = "InventoryUITests.swift"; sourceTree = "<group>"; };
		01A56490A3FF5797A24897C4 = { isa = PBXGroup; children = (E1157BD903F1F30B6426DD8D, 94FC6358B731981816001F76, DF728DEB4C7E8754D313EFDE, 190E86600B312C7DA50C282E, 653E119771985BAF324902C0, 3FF6E7D7C28A1567304E7414, B25918E9BF78135B777D6DA6, 26CC1C5ED8D424DFDF1A778E, CB6D7F59C698D185094EA30B, A0E629A9C81FD8F224806541, 90EDE5C9464CF3701597110F, 73F7024AD4730BD30A8BDB3B, AC27586DAB3DA9567AAD93F3, A4C1ED45F4E3CB3646C91B2D, 907048FBEAB0D9FC15FF9485,); path = WarrantyTracker; sourceTree = "<group>"; };
		E337615E03BB8EED31B50E9F = { isa = PBXGroup; children = (482966011B6DA41BE9E2D31E,); path = WarrantyTrackerTests; sourceTree = "<group>"; };
		C6E563D3D7C1BC284A64D1A5 = { isa = PBXGroup; children = (40E1A7EB813EF5CAFA85C0F4, 77E594EA1A903E02BB6E11B9,); path = WarrantyTrackerUITests; sourceTree = "<group>"; };
		C542F1544998950D8E9C8FAF = { isa = PBXFileReference; explicitFileType = wrapper.application; includeInIndex = 0; path = WarrantyTracker.app; sourceTree = BUILT_PRODUCTS_DIR; };
		0E1DAB071A4C245125DA89E7 = { isa = PBXBuildFile; fileRef = CB6D7F59C698D185094EA30B; };
		5B11C92FBA7BDBF94C08E140 = { isa = PBXBuildFile; fileRef = A0E629A9C81FD8F224806541; };
		07E00FC02F9BFC3C038785FF = { isa = PBXBuildFile; fileRef = 90EDE5C9464CF3701597110F; };
		0CAF08E87FEF636FED3D488F = { isa = PBXBuildFile; fileRef = 73F7024AD4730BD30A8BDB3B; };
		D40D75447E42BA4DDCD737DC = { isa = PBXBuildFile; fileRef = AC27586DAB3DA9567AAD93F3; };
		E8C8BC7BA0760FDAF97E79B9 = { isa = PBXBuildFile; fileRef = A4C1ED45F4E3CB3646C91B2D; };
		9629F9330D86A76241F522AE = { isa = PBXBuildFile; fileRef = 907048FBEAB0D9FC15FF9485; };
		3781203C9E15722D4644BDBE = { isa = PBXSourcesBuildPhase; buildActionMask = 2147483647; files = (85CE17E87CC8F5CE4CC83091, 7FAADB88B77B510A18D6FB51, 76CB2FC045C7A24F61167282, 3B19669463D0E690D6F7C24A, C53AAC25265F9F5ECCBBDD2E, ED0AA57D8BC815BFF8EBB3CE, 70EB7115145E86F76990EE01, 95FB3414279CFBC53AA1BFB5, 0E1DAB071A4C245125DA89E7, 5B11C92FBA7BDBF94C08E140, 07E00FC02F9BFC3C038785FF, 0CAF08E87FEF636FED3D488F, D40D75447E42BA4DDCD737DC, E8C8BC7BA0760FDAF97E79B9, 9629F9330D86A76241F522AE,); runOnlyForDeploymentPostprocessing = 0; };
		8EF30EEDF88CF94167AC7FDD = { isa = PBXFrameworksBuildPhase; buildActionMask = 2147483647; files = (); runOnlyForDeploymentPostprocessing = 0; };
		6C6E0552BD6459D95CBACB38 = { isa = PBXResourcesBuildPhase; buildActionMask = 2147483647; files = (); runOnlyForDeploymentPostprocessing = 0; };
		56099273A0B8AAAA9A7C0FB4 = { isa = XCBuildConfiguration; buildSettings = { PRODUCT_NAME = WarrantyTracker; PRODUCT_BUNDLE_IDENTIFIER = com.boojew.warrantytracker; SDKROOT = iphoneos; SUPPORTED_PLATFORMS = "iphoneos iphonesimulator"; GENERATE_INFOPLIST_FILE = YES; SWIFT_VERSION = 6.0; SWIFT_STRICT_CONCURRENCY = complete; CODE_SIGN_STYLE = Automatic; MACOSX_DEPLOYMENT_TARGET = 26.0; IPHONEOS_DEPLOYMENT_TARGET = 26.0; MARKETING_VERSION = 0.1.0; CURRENT_PROJECT_VERSION = 1; ENABLE_USER_SCRIPT_SANDBOXING = YES; LD_RUNPATH_SEARCH_PATHS = "$(inherited) @executable_path/../Frameworks @executable_path/Frameworks"; PRODUCT_MODULE_NAME = WarrantyTracker; INFOPLIST_KEY_CFBundleDisplayName = WarrantyTracker; INFOPLIST_KEY_LSApplicationCategoryType = "public.app-category.productivity"; ENABLE_APP_SANDBOX = YES; ENABLE_HARDENED_RUNTIME = YES; TARGETED_DEVICE_FAMILY = 1; INFOPLIST_KEY_UIApplicationSceneManifest_Generation = YES; INFOPLIST_KEY_UILaunchScreen_Generation = YES; INFOPLIST_KEY_UISupportedInterfaceOrientations = "UIInterfaceOrientationPortrait UIInterfaceOrientationLandscapeLeft UIInterfaceOrientationLandscapeRight"; SUPPORTS_MACCATALYST = NO; SUPPORTS_MAC_DESIGNED_FOR_IPHONE_IPAD = NO; SWIFT_OPTIMIZATION_LEVEL = "-Onone"; ENABLE_TESTABILITY = YES; }; name = Debug; };
		8F16555C789A897EC57655B1 = { isa = XCBuildConfiguration; buildSettings = { PRODUCT_NAME = WarrantyTracker; PRODUCT_BUNDLE_IDENTIFIER = com.boojew.warrantytracker; SDKROOT = iphoneos; SUPPORTED_PLATFORMS = "iphoneos iphonesimulator"; GENERATE_INFOPLIST_FILE = YES; SWIFT_VERSION = 6.0; SWIFT_STRICT_CONCURRENCY = complete; CODE_SIGN_STYLE = Automatic; MACOSX_DEPLOYMENT_TARGET = 26.0; IPHONEOS_DEPLOYMENT_TARGET = 26.0; MARKETING_VERSION = 0.1.0; CURRENT_PROJECT_VERSION = 1; ENABLE_USER_SCRIPT_SANDBOXING = YES; LD_RUNPATH_SEARCH_PATHS = "$(inherited) @executable_path/../Frameworks @executable_path/Frameworks"; PRODUCT_MODULE_NAME = WarrantyTracker; INFOPLIST_KEY_CFBundleDisplayName = WarrantyTracker; INFOPLIST_KEY_LSApplicationCategoryType = "public.app-category.productivity"; ENABLE_APP_SANDBOX = YES; ENABLE_HARDENED_RUNTIME = YES; TARGETED_DEVICE_FAMILY = 1; INFOPLIST_KEY_UIApplicationSceneManifest_Generation = YES; INFOPLIST_KEY_UILaunchScreen_Generation = YES; INFOPLIST_KEY_UISupportedInterfaceOrientations = "UIInterfaceOrientationPortrait UIInterfaceOrientationLandscapeLeft UIInterfaceOrientationLandscapeRight"; SUPPORTS_MACCATALYST = NO; SUPPORTS_MAC_DESIGNED_FOR_IPHONE_IPAD = NO; }; name = Release; };
		DD9F5EEB1C94A71EDCCFDABF = { isa = XCConfigurationList; buildConfigurations = (56099273A0B8AAAA9A7C0FB4, 8F16555C789A897EC57655B1,); defaultConfigurationIsVisible = 0; defaultConfigurationName = Release; };
		F87DF9BD4F147A9313EF40BA = { isa = PBXNativeTarget; buildConfigurationList = DD9F5EEB1C94A71EDCCFDABF; buildPhases = (3781203C9E15722D4644BDBE, 8EF30EEDF88CF94167AC7FDD, 6C6E0552BD6459D95CBACB38,); buildRules = (); dependencies = (); name = "WarrantyTracker-iOS"; productName = WarrantyTracker; productReference = C542F1544998950D8E9C8FAF; productType = "com.apple.product-type.application"; };
		80E98474EF6CA82CAA70736D = { isa = PBXFileReference; explicitFileType = wrapper.application; includeInIndex = 0; path = WarrantyTracker.app; sourceTree = BUILT_PRODUCTS_DIR; };
		CCB9E86ECA288B361F67B134 = { isa = PBXBuildFile; fileRef = CB6D7F59C698D185094EA30B; };
		3E2BEB47552C5D649F622591 = { isa = PBXBuildFile; fileRef = A0E629A9C81FD8F224806541; };
		AE555AF9B5A9D57BA0E13CD3 = { isa = PBXBuildFile; fileRef = 90EDE5C9464CF3701597110F; };
		8BB7EF70F607F27EF59C4FCF = { isa = PBXBuildFile; fileRef = 73F7024AD4730BD30A8BDB3B; };
		A79A19E3665493BAA0DAE623 = { isa = PBXBuildFile; fileRef = AC27586DAB3DA9567AAD93F3; };
		8B8E5324D8C92CA8119B1B73 = { isa = PBXBuildFile; fileRef = A4C1ED45F4E3CB3646C91B2D; };
		D87556D56F4325A2D965E390 = { isa = PBXBuildFile; fileRef = 907048FBEAB0D9FC15FF9485; };
		B511447645623DC7834062D4 = { isa = PBXSourcesBuildPhase; buildActionMask = 2147483647; files = (212060B9C139A64F42B69A67, 8E497AC7A533390779B3E814, 67EDEAC275031786DD8C0048, E5072D6D37AEFACB8D6DF01F, 143D3BD458BAF23D3F4A3208, 629BB3041AE32D2623E91780, 51FC6CBD62F82B21C05A69D8, 8D3515C47673BDD87CCBF16C, CCB9E86ECA288B361F67B134, 3E2BEB47552C5D649F622591, AE555AF9B5A9D57BA0E13CD3, 8BB7EF70F607F27EF59C4FCF, A79A19E3665493BAA0DAE623, 8B8E5324D8C92CA8119B1B73, D87556D56F4325A2D965E390,); runOnlyForDeploymentPostprocessing = 0; };
		BDAA36B122F4DFD4808521D7 = { isa = PBXFrameworksBuildPhase; buildActionMask = 2147483647; files = (); runOnlyForDeploymentPostprocessing = 0; };
		C335A8B28CEB81765F12D81F = { isa = PBXResourcesBuildPhase; buildActionMask = 2147483647; files = (); runOnlyForDeploymentPostprocessing = 0; };
		051FE34E8AA5C64A8A7F5BB6 = { isa = XCBuildConfiguration; buildSettings = { PRODUCT_NAME = WarrantyTracker; PRODUCT_BUNDLE_IDENTIFIER = com.boojew.warrantytracker; SDKROOT = macosx; SUPPORTED_PLATFORMS = "macosx"; GENERATE_INFOPLIST_FILE = YES; SWIFT_VERSION = 6.0; SWIFT_STRICT_CONCURRENCY = complete; CODE_SIGN_STYLE = Automatic; MACOSX_DEPLOYMENT_TARGET = 26.0; IPHONEOS_DEPLOYMENT_TARGET = 26.0; MARKETING_VERSION = 0.1.0; CURRENT_PROJECT_VERSION = 1; ENABLE_USER_SCRIPT_SANDBOXING = YES; LD_RUNPATH_SEARCH_PATHS = "$(inherited) @executable_path/../Frameworks @executable_path/Frameworks"; PRODUCT_MODULE_NAME = WarrantyTracker; INFOPLIST_KEY_CFBundleDisplayName = WarrantyTracker; INFOPLIST_KEY_LSApplicationCategoryType = "public.app-category.productivity"; ENABLE_APP_SANDBOX = YES; ENABLE_HARDENED_RUNTIME = YES; SWIFT_OPTIMIZATION_LEVEL = "-Onone"; ENABLE_TESTABILITY = YES; }; name = Debug; };
		750A24A549F3633394FE7C3C = { isa = XCBuildConfiguration; buildSettings = { PRODUCT_NAME = WarrantyTracker; PRODUCT_BUNDLE_IDENTIFIER = com.boojew.warrantytracker; SDKROOT = macosx; SUPPORTED_PLATFORMS = "macosx"; GENERATE_INFOPLIST_FILE = YES; SWIFT_VERSION = 6.0; SWIFT_STRICT_CONCURRENCY = complete; CODE_SIGN_STYLE = Automatic; MACOSX_DEPLOYMENT_TARGET = 26.0; IPHONEOS_DEPLOYMENT_TARGET = 26.0; MARKETING_VERSION = 0.1.0; CURRENT_PROJECT_VERSION = 1; ENABLE_USER_SCRIPT_SANDBOXING = YES; LD_RUNPATH_SEARCH_PATHS = "$(inherited) @executable_path/../Frameworks @executable_path/Frameworks"; PRODUCT_MODULE_NAME = WarrantyTracker; INFOPLIST_KEY_CFBundleDisplayName = WarrantyTracker; INFOPLIST_KEY_LSApplicationCategoryType = "public.app-category.productivity"; ENABLE_APP_SANDBOX = YES; ENABLE_HARDENED_RUNTIME = YES; }; name = Release; };
		2E8790BC52BA2DD8B641A23E = { isa = XCConfigurationList; buildConfigurations = (051FE34E8AA5C64A8A7F5BB6, 750A24A549F3633394FE7C3C,); defaultConfigurationIsVisible = 0; defaultConfigurationName = Release; };
		33390A2066E27B7665DAF4D4 = { isa = PBXNativeTarget; buildConfigurationList = 2E8790BC52BA2DD8B641A23E; buildPhases = (B511447645623DC7834062D4, BDAA36B122F4DFD4808521D7, C335A8B28CEB81765F12D81F,); buildRules = (); dependencies = (); name = "WarrantyTracker-macOS"; productName = WarrantyTracker; productReference = 80E98474EF6CA82CAA70736D; productType = "com.apple.product-type.application"; };
		4128517EBDC473FD041CCE8F = { isa = PBXFileReference; explicitFileType = wrapper.cfbundle; includeInIndex = 0; path = WarrantyTrackerTests.xctest; sourceTree = BUILT_PRODUCTS_DIR; };
		AC1CE108E44C45CBCCAB2721 = { isa = PBXBuildFile; fileRef = 482966011B6DA41BE9E2D31E; };
		AE502DC74BC5887F678ACFA6 = { isa = PBXSourcesBuildPhase; buildActionMask = 2147483647; files = (AC1CE108E44C45CBCCAB2721,); runOnlyForDeploymentPostprocessing = 0; };
		46C938BBFB0738DEFC916417 = { isa = PBXFrameworksBuildPhase; buildActionMask = 2147483647; files = (); runOnlyForDeploymentPostprocessing = 0; };
		84E2C3966F65C8EAE76440BA = { isa = PBXResourcesBuildPhase; buildActionMask = 2147483647; files = (); runOnlyForDeploymentPostprocessing = 0; };
		E1E7538064DE0C2910521DD8 = { isa = PBXContainerItemProxy; containerPortal = 98F54143AB4E86B28C3AFEE0; proxyType = 1; remoteGlobalIDString = 33390A2066E27B7665DAF4D4; remoteInfo = "WarrantyTracker-macOS"; };
		C490EB450C88CA3375C9573A = { isa = PBXTargetDependency; target = 33390A2066E27B7665DAF4D4; targetProxy = E1E7538064DE0C2910521DD8; };
		8616C6278C13915B359267D8 = { isa = XCBuildConfiguration; buildSettings = { PRODUCT_NAME = "$(TARGET_NAME)"; PRODUCT_BUNDLE_IDENTIFIER = com.boojew.warrantytracker.tests; SDKROOT = macosx; SUPPORTED_PLATFORMS = "macosx"; GENERATE_INFOPLIST_FILE = YES; SWIFT_VERSION = 6.0; SWIFT_STRICT_CONCURRENCY = complete; CODE_SIGN_STYLE = Automatic; MACOSX_DEPLOYMENT_TARGET = 26.0; IPHONEOS_DEPLOYMENT_TARGET = 26.0; MARKETING_VERSION = 0.1.0; CURRENT_PROJECT_VERSION = 1; ENABLE_USER_SCRIPT_SANDBOXING = YES; LD_RUNPATH_SEARCH_PATHS = "$(inherited) @executable_path/../Frameworks @executable_path/Frameworks"; BUNDLE_LOADER = "$(TEST_HOST)"; TEST_HOST = "$(BUILT_PRODUCTS_DIR)/WarrantyTracker.app/Contents/MacOS/WarrantyTracker"; SWIFT_OPTIMIZATION_LEVEL = "-Onone"; ENABLE_TESTABILITY = YES; }; name = Debug; };
		6CDB59B229DEF90EBBE1EB17 = { isa = XCBuildConfiguration; buildSettings = { PRODUCT_NAME = "$(TARGET_NAME)"; PRODUCT_BUNDLE_IDENTIFIER = com.boojew.warrantytracker.tests; SDKROOT = macosx; SUPPORTED_PLATFORMS = "macosx"; GENERATE_INFOPLIST_FILE = YES; SWIFT_VERSION = 6.0; SWIFT_STRICT_CONCURRENCY = complete; CODE_SIGN_STYLE = Automatic; MACOSX_DEPLOYMENT_TARGET = 26.0; IPHONEOS_DEPLOYMENT_TARGET = 26.0; MARKETING_VERSION = 0.1.0; CURRENT_PROJECT_VERSION = 1; ENABLE_USER_SCRIPT_SANDBOXING = YES; LD_RUNPATH_SEARCH_PATHS = "$(inherited) @executable_path/../Frameworks @executable_path/Frameworks"; BUNDLE_LOADER = "$(TEST_HOST)"; TEST_HOST = "$(BUILT_PRODUCTS_DIR)/WarrantyTracker.app/Contents/MacOS/WarrantyTracker"; }; name = Release; };
		A6D4E9C18FCF31A463BDD924 = { isa = XCConfigurationList; buildConfigurations = (8616C6278C13915B359267D8, 6CDB59B229DEF90EBBE1EB17,); defaultConfigurationIsVisible = 0; defaultConfigurationName = Release; };
		D81ECA06B328F466246D34A5 = { isa = PBXNativeTarget; buildConfigurationList = A6D4E9C18FCF31A463BDD924; buildPhases = (AE502DC74BC5887F678ACFA6, 46C938BBFB0738DEFC916417, 84E2C3966F65C8EAE76440BA,); buildRules = (); dependencies = (C490EB450C88CA3375C9573A,); name = "WarrantyTrackerTests"; productName = WarrantyTracker; productReference = 4128517EBDC473FD041CCE8F; productType = "com.apple.product-type.bundle.unit-test"; };
		557EFCEDFC3544660E014030 = { isa = PBXFileReference; explicitFileType = wrapper.cfbundle; includeInIndex = 0; path = WarrantyTrackerUITests.xctest; sourceTree = BUILT_PRODUCTS_DIR; };
		A9F050ED69B4DEDF3CFDF20F = { isa = PBXBuildFile; fileRef = 77E594EA1A903E02BB6E11B9; };
		EA002D7C73CFFE8163E0824F = { isa = PBXSourcesBuildPhase; buildActionMask = 2147483647; files = (A9F050ED69B4DEDF3CFDF20F,); runOnlyForDeploymentPostprocessing = 0; };
		6C70B742BA0C51DA7D45F70D = { isa = PBXFrameworksBuildPhase; buildActionMask = 2147483647; files = (); runOnlyForDeploymentPostprocessing = 0; };
		A7794A9529A1D24E339CE841 = { isa = PBXResourcesBuildPhase; buildActionMask = 2147483647; files = (); runOnlyForDeploymentPostprocessing = 0; };
		543593F340E29103148AE3D5 = { isa = PBXContainerItemProxy; containerPortal = 98F54143AB4E86B28C3AFEE0; proxyType = 1; remoteGlobalIDString = 33390A2066E27B7665DAF4D4; remoteInfo = "WarrantyTracker-macOS"; };
		5C98A54CF52727C8DDD88FE0 = { isa = PBXTargetDependency; target = 33390A2066E27B7665DAF4D4; targetProxy = 543593F340E29103148AE3D5; };
		CA9DA3477F990CC0D76B027B = { isa = XCBuildConfiguration; buildSettings = { PRODUCT_NAME = "$(TARGET_NAME)"; PRODUCT_BUNDLE_IDENTIFIER = com.boojew.warrantytracker.uitests; SDKROOT = macosx; SUPPORTED_PLATFORMS = "macosx"; GENERATE_INFOPLIST_FILE = YES; SWIFT_VERSION = 6.0; SWIFT_STRICT_CONCURRENCY = complete; CODE_SIGN_STYLE = Automatic; MACOSX_DEPLOYMENT_TARGET = 26.0; IPHONEOS_DEPLOYMENT_TARGET = 26.0; MARKETING_VERSION = 0.1.0; CURRENT_PROJECT_VERSION = 1; ENABLE_USER_SCRIPT_SANDBOXING = YES; LD_RUNPATH_SEARCH_PATHS = "$(inherited) @executable_path/../Frameworks @executable_path/Frameworks"; TEST_TARGET_NAME = "WarrantyTracker-macOS"; SWIFT_OPTIMIZATION_LEVEL = "-Onone"; ENABLE_TESTABILITY = YES; }; name = Debug; };
		8938A7CF6338AB46BE5D009A = { isa = XCBuildConfiguration; buildSettings = { PRODUCT_NAME = "$(TARGET_NAME)"; PRODUCT_BUNDLE_IDENTIFIER = com.boojew.warrantytracker.uitests; SDKROOT = macosx; SUPPORTED_PLATFORMS = "macosx"; GENERATE_INFOPLIST_FILE = YES; SWIFT_VERSION = 6.0; SWIFT_STRICT_CONCURRENCY = complete; CODE_SIGN_STYLE = Automatic; MACOSX_DEPLOYMENT_TARGET = 26.0; IPHONEOS_DEPLOYMENT_TARGET = 26.0; MARKETING_VERSION = 0.1.0; CURRENT_PROJECT_VERSION = 1; ENABLE_USER_SCRIPT_SANDBOXING = YES; LD_RUNPATH_SEARCH_PATHS = "$(inherited) @executable_path/../Frameworks @executable_path/Frameworks"; TEST_TARGET_NAME = "WarrantyTracker-macOS"; }; name = Release; };
		621B57BDD3AFCE0680A466F3 = { isa = XCConfigurationList; buildConfigurations = (CA9DA3477F990CC0D76B027B, 8938A7CF6338AB46BE5D009A,); defaultConfigurationIsVisible = 0; defaultConfigurationName = Release; };
		C7E11ABF6EBCC8FC0EE844E1 = { isa = PBXNativeTarget; buildConfigurationList = 621B57BDD3AFCE0680A466F3; buildPhases = (EA002D7C73CFFE8163E0824F, 6C70B742BA0C51DA7D45F70D, A7794A9529A1D24E339CE841,); buildRules = (); dependencies = (5C98A54CF52727C8DDD88FE0,); name = "WarrantyTrackerUITests"; productName = WarrantyTracker; productReference = 557EFCEDFC3544660E014030; productType = "com.apple.product-type.bundle.ui-testing"; };
		FBDC4F23F93125BBEEAE800C = { isa = PBXGroup; children = (1DF68E09BD8F3E30CA1EFD91, C542F1544998950D8E9C8FAF, 80E98474EF6CA82CAA70736D, 4128517EBDC473FD041CCE8F, 557EFCEDFC3544660E014030,); name = Products; sourceTree = "<group>"; };
		B28B7AF69320201D1CF206EB = { isa = PBXGroup; children = (01A56490A3FF5797A24897C4, E337615E03BB8EED31B50E9F, C6E563D3D7C1BC284A64D1A5, FBDC4F23F93125BBEEAE800C,); sourceTree = "<group>"; };
		89E1FD6268CC0F221A2BE178 = { isa = XCBuildConfiguration; buildSettings = { CLANG_ENABLE_MODULES = YES; CLANG_ENABLE_OBJC_ARC = YES; GCC_C_LANGUAGE_STANDARD = gnu17; SWIFT_VERSION = 6.0; DEBUG_INFORMATION_FORMAT = dwarf; SWIFT_ACTIVE_COMPILATION_CONDITIONS = "$(inherited) DEBUG"; }; name = Debug; };
		E6DE6C99132752C914FEF632 = { isa = XCBuildConfiguration; buildSettings = { CLANG_ENABLE_MODULES = YES; CLANG_ENABLE_OBJC_ARC = YES; GCC_C_LANGUAGE_STANDARD = gnu17; SWIFT_VERSION = 6.0; DEBUG_INFORMATION_FORMAT = "dwarf-with-dsym"; SWIFT_ACTIVE_COMPILATION_CONDITIONS = "$(inherited) "; }; name = Release; };
		862894B703A6DEDF96A9DD6C = { isa = XCConfigurationList; buildConfigurations = (89E1FD6268CC0F221A2BE178, E6DE6C99132752C914FEF632,); defaultConfigurationIsVisible = 0; defaultConfigurationName = Release; };
		98F54143AB4E86B28C3AFEE0 = { isa = PBXProject; attributes = { BuildIndependentTargetsInParallel = YES; LastSwiftUpdateCheck = 2600; LastUpgradeCheck = 2600; }; buildConfigurationList = 862894B703A6DEDF96A9DD6C; compatibilityVersion = "Xcode 14.0"; developmentRegion = en; hasScannedForEncodings = 0; knownRegions = (en, Base); mainGroup = B28B7AF69320201D1CF206EB; productRefGroup = FBDC4F23F93125BBEEAE800C; projectDirPath = ""; projectRoot = ""; targets = (7B6D89B93096922EC40F9B44, F87DF9BD4F147A9313EF40BA, 33390A2066E27B7665DAF4D4, D81ECA06B328F466246D34A5, C7E11ABF6EBCC8FC0EE844E1,); };
		40E1A7EB813EF5CAFA85C0F4 = { isa = PBXFileReference; lastKnownFileType = sourcecode.swift; path = iOSInventoryUITests.swift; sourceTree = "<group>"; };
		1DF68E09BD8F3E30CA1EFD91 = { isa = PBXFileReference; explicitFileType = wrapper.cfbundle; includeInIndex = 0; path = WarrantyTrackeriOSUITests.xctest; sourceTree = BUILT_PRODUCTS_DIR; };
		E1353671CAB5C800CEA1A6AC = { isa = PBXBuildFile; fileRef = 40E1A7EB813EF5CAFA85C0F4; };
		46F935B88E5C5D33E265A8F2 = { isa = PBXSourcesBuildPhase; buildActionMask = 2147483647; files = (E1353671CAB5C800CEA1A6AC,); runOnlyForDeploymentPostprocessing = 0; };
		A6778BA5256EA5431B5C774F = { isa = PBXFrameworksBuildPhase; buildActionMask = 2147483647; files = (); runOnlyForDeploymentPostprocessing = 0; };
		09A15BF6A2C60E87BC7F0AF2 = { isa = PBXResourcesBuildPhase; buildActionMask = 2147483647; files = (); runOnlyForDeploymentPostprocessing = 0; };
		349653E852DEE2EEB1D92527 = { isa = PBXContainerItemProxy; containerPortal = 98F54143AB4E86B28C3AFEE0; proxyType = 1; remoteGlobalIDString = F87DF9BD4F147A9313EF40BA; remoteInfo = "WarrantyTracker-iOS"; };
		001D2093700A2802AA26F695 = { isa = PBXTargetDependency; target = F87DF9BD4F147A9313EF40BA; targetProxy = 349653E852DEE2EEB1D92527; };
		34CCDD3076AF004341A31BDD = { isa = XCBuildConfiguration; buildSettings = { PRODUCT_NAME = "$(TARGET_NAME)"; PRODUCT_BUNDLE_IDENTIFIER = com.boojew.warrantytracker.iosuitests; SDKROOT = iphoneos; SUPPORTED_PLATFORMS = "iphoneos iphonesimulator"; GENERATE_INFOPLIST_FILE = YES; SWIFT_VERSION = 6.0; CODE_SIGN_STYLE = Automatic; IPHONEOS_DEPLOYMENT_TARGET = 26.0; TARGETED_DEVICE_FAMILY = 1; TEST_TARGET_NAME = "WarrantyTracker-iOS"; }; name = Debug; };
		CC786B508E0829BF34064933 = { isa = XCBuildConfiguration; buildSettings = { PRODUCT_NAME = "$(TARGET_NAME)"; PRODUCT_BUNDLE_IDENTIFIER = com.boojew.warrantytracker.iosuitests; SDKROOT = iphoneos; SUPPORTED_PLATFORMS = "iphoneos iphonesimulator"; GENERATE_INFOPLIST_FILE = YES; SWIFT_VERSION = 6.0; CODE_SIGN_STYLE = Automatic; IPHONEOS_DEPLOYMENT_TARGET = 26.0; TARGETED_DEVICE_FAMILY = 1; TEST_TARGET_NAME = "WarrantyTracker-iOS"; }; name = Release; };
		C891F9BBFDC60E120A5C6D4C = { isa = XCConfigurationList; buildConfigurations = (34CCDD3076AF004341A31BDD, CC786B508E0829BF34064933,); defaultConfigurationIsVisible = 0; defaultConfigurationName = Release; };
		7B6D89B93096922EC40F9B44 = { isa = PBXNativeTarget; buildConfigurationList = C891F9BBFDC60E120A5C6D4C; buildPhases = (46F935B88E5C5D33E265A8F2, A6778BA5256EA5431B5C774F, 09A15BF6A2C60E87BC7F0AF2,); buildRules = (); dependencies = (001D2093700A2802AA26F695,); name = WarrantyTrackeriOSUITests; productName = WarrantyTrackeriOSUITests; productReference = 1DF68E09BD8F3E30CA1EFD91; productType = "com.apple.product-type.bundle.ui-testing"; };
	};
	rootObject = 98F54143AB4E86B28C3AFEE0;
}
