// !$*UTF8*$!
{
	archiveVersion = 1;
	classes = {
	};
	objectVersion = 56;
	objects = {
		05E46E62FCA7B3404B12CFA3 = { isa = PBXFileReference; lastKnownFileType = sourcecode.swift; path = "AttachmentTests.swift"; sourceTree = "<group>"; };
		9692E298E205694404D11152 = { isa = PBXBuildFile; fileRef = 05E46E62FCA7B3404B12CFA3; };
		6064E1E3DD8AD12C4E574BD6 = { isa = PBXFileReference; lastKnownFileType = folder.assetcatalog; path = "Assets.xcassets"; sourceTree = "<group>"; };
		B02D872708646ED59DF3DCB9 = { isa = PBXBuildFile; fileRef = 6064E1E3DD8AD12C4E574BD6; };
		5F65C61C1120C0A251EA1E34 = { isa = PBXBuildFile; fileRef = 6064E1E3DD8AD12C4E574BD6; };
		5762CA675A454212697856CB = { isa = PBXFileReference; lastKnownFileType = sourcecode.swift; path = "AttachmentsView.swift"; sourceTree = "<group>"; };
		BE2C0849463625CC1C5A0AE6 = { isa = PBXBuildFile; fileRef = 5762CA675A454212697856CB; };
		11F3922CB05CABCE28E94D78 = { isa = PBXBuildFile; fileRef = 5762CA675A454212697856CB; };
		71A914EBAE27611D6CD4298E = { isa = PBXFileReference; lastKnownFileType = sourcecode.swift; path = "AttachmentImportView.swift"; sourceTree = "<group>"; };
		85DD601A5D29600D6A21C21D = { isa = PBXBuildFile; fileRef = 71A914EBAE27611D6CD4298E; };
		E0DEEAB3E91501844E1A859A = { isa = PBXBuildFile; fileRef = 71A914EBAE27611D6CD4298E; };
		127CE2F6A39258948A79C8AD = { isa = PBXFileReference; lastKnownFileType = sourcecode.swift; path = "AttachmentReviewView.swift"; sourceTree = "<group>"; };
		706D0645BA305FD9CD2B1B14 = { isa = PBXBuildFile; fileRef = 127CE2F6A39258948A79C8AD; };
		62ABDE443F9A3499F21463B3 = { isa = PBXBuildFile; fileRef = 127CE2F6A39258948A79C8AD; };
		DB29AD56B69741B1CDAB757F = { isa = PBXFileReference; lastKnownFileType = sourcecode.swift; path = "AttachmentStore.swift"; sourceTree = "<group>"; };
		D40FE2E28D41E96045FC0A4F = { isa = PBXBuildFile; fileRef = DB29AD56B69741B1CDAB757F; };
		7E93287BA238A65169292749 = { isa = PBXBuildFile; fileRef = DB29AD56B69741B1CDAB757F; };
		11B718E1BC8227B0370ABA33 = { isa = PBXFileReference; lastKnownFileType = sourcecode.swift; path = "MediaProcessing.swift"; sourceTree = "<group>"; };
		9564A1B087B8F94B9E663C82 = { isa = PBXBuildFile; fileRef = 11B718E1BC8227B0370ABA33; };
		6475B26C663EA58488D1A4AE = { isa = PBXBuildFile; fileRef = 11B718E1BC8227B0370ABA33; };
		5ED9D667830FDE0A8742F661 = { isa = PBXFileReference; lastKnownFileType = sourcecode.swift; path = "SchemaV3.swift"; sourceTree = "<group>"; };
		AE1F82B7FFF67493F1F597D9 = { isa = PBXBuildFile; fileRef = 5ED9D667830FDE0A8742F661; };
		70215A8FBB8B3DFC52F8F7D7 = { isa = PBXBuildFile; fileRef = 5ED9D667830FDE0A8742F661; };

/* Begin PBXBuildFile section */
		07E00FC02F9BFC3C038785FF /* ItemDetailView.swift in Sources */ = {isa = PBXBuildFile; fileRef = 90EDE5C9464CF3701597110F /* ItemDetailView.swift */; };
		0CAF08E87FEF636FED3D488F /* ItemEditorView.swift in Sources */ = {isa = PBXBuildFile; fileRef = 73F7024AD4730BD30A8BDB3B /* ItemEditorView.swift */; };
		0E1DAB071A4C245125DA89E7 /* DefaultsView.swift in Sources */ = {isa = PBXBuildFile; fileRef = CB6D7F59C698D185094EA30B /* DefaultsView.swift */; };
		143D3BD458BAF23D3F4A3208 /* CoverageRules.swift in Sources */ = {isa = PBXBuildFile; fileRef = 653E119771985BAF324902C0 /* CoverageRules.swift */; };
		212060B9C139A64F42B69A67 /* SettingsView.swift in Sources */ = {isa = PBXBuildFile; fileRef = E1157BD903F1F30B6426DD8D /* SettingsView.swift */; };
		3B19669463D0E690D6F7C24A /* FormSupport.swift in Sources */ = {isa = PBXBuildFile; fileRef = 190E86600B312C7DA50C282E /* FormSupport.swift */; };
		3E2BEB47552C5D649F622591 /* InventoryView.swift in Sources */ = {isa = PBXBuildFile; fileRef = A0E629A9C81FD8F224806541 /* InventoryView.swift */; };
		51FC6CBD62F82B21C05A69D8 /* Catalog.swift in Sources */ = {isa = PBXBuildFile; fileRef = B25918E9BF78135B777D6DA6 /* Catalog.swift */; };
		5B11C92FBA7BDBF94C08E140 /* InventoryView.swift in Sources */ = {isa = PBXBuildFile; fileRef = A0E629A9C81FD8F224806541 /* InventoryView.swift */; };
		629BB3041AE32D2623E91780 /* CoverageEditorView.swift in Sources */ = {isa = PBXBuildFile; fileRef = 3FF6E7D7C28A1567304E7414 /* CoverageEditorView.swift */; };
		67EDEAC275031786DD8C0048 /* InventorySearch.swift in Sources */ = {isa = PBXBuildFile; fileRef = DF728DEB4C7E8754D313EFDE /* InventorySearch.swift */; };
		70EB7115145E86F76990EE01 /* Catalog.swift in Sources */ = {isa = PBXBuildFile; fileRef = B25918E9BF78135B777D6DA6 /* Catalog.swift */; };
		76CB2FC045C7A24F61167282 /* InventorySearch.swift in Sources */ = {isa = PBXBuildFile; fileRef = DF728DEB4C7E8754D313EFDE /* InventorySearch.swift */; };
		7FAADB88B77B510A18D6FB51 /* SchemaV2.swift in Sources */ = {isa = PBXBuildFile; fileRef = 94FC6358B731981816001F76 /* SchemaV2.swift */; };
		85CE17E87CC8F5CE4CC83091 /* SettingsView.swift in Sources */ = {isa = PBXBuildFile; fileRef = E1157BD903F1F30B6426DD8D /* SettingsView.swift */; };
		8B8E5324D8C92CA8119B1B73 /* Values.swift in Sources */ = {isa = PBXBuildFile; fileRef = A4C1ED45F4E3CB3646C91B2D /* Values.swift */; };
		8BB7EF70F607F27EF59C4FCF /* ItemEditorView.swift in Sources */ = {isa = PBXBuildFile; fileRef = 73F7024AD4730BD30A8BDB3B /* ItemEditorView.swift */; };
		8D3515C47673BDD87CCBF16C /* CardsView.swift in Sources */ = {isa = PBXBuildFile; fileRef = 26CC1C5ED8D424DFDF1A778E /* CardsView.swift */; };
		8E497AC7A533390779B3E814 /* SchemaV2.swift in Sources */ = {isa = PBXBuildFile; fileRef = 94FC6358B731981816001F76 /* SchemaV2.swift */; };
		95FB3414279CFBC53AA1BFB5 /* CardsView.swift in Sources */ = {isa = PBXBuildFile; fileRef = 26CC1C5ED8D424DFDF1A778E /* CardsView.swift */; };
		9629F9330D86A76241F522AE /* WarrantyTrackerApp.swift in Sources */ = {isa = PBXBuildFile; fileRef = 907048FBEAB0D9FC15FF9485 /* WarrantyTrackerApp.swift */; };
		A79A19E3665493BAA0DAE623 /* Models.swift in Sources */ = {isa = PBXBuildFile; fileRef = AC27586DAB3DA9567AAD93F3 /* Models.swift */; };
		A9F050ED69B4DEDF3CFDF20F /* InventoryUITests.swift in Sources */ = {isa = PBXBuildFile; fileRef = 77E594EA1A903E02BB6E11B9 /* InventoryUITests.swift */; };
		AC1CE108E44C45CBCCAB2721 /* WarrantyTrackerTests.swift in Sources */ = {isa = PBXBuildFile; fileRef = 482966011B6DA41BE9E2D31E /* WarrantyTrackerTests.swift */; };
		AE555AF9B5A9D57BA0E13CD3 /* ItemDetailView.swift in Sources */ = {isa = PBXBuildFile; fileRef = 90EDE5C9464CF3701597110F /* ItemDetailView.swift */; };
		C53AAC25265F9F5ECCBBDD2E /* CoverageRules.swift in Sources */ = {isa = PBXBuildFile; fileRef = 653E119771985BAF324902C0 /* CoverageRules.swift */; };
		CCB9E86ECA288B361F67B134 /* DefaultsView.swift in Sources */ = {isa = PBXBuildFile; fileRef = CB6D7F59C698D185094EA30B /* DefaultsView.swift */; };
		D40D75447E42BA4DDCD737DC /* Models.swift in Sources */ = {isa = PBXBuildFile; fileRef = AC27586DAB3DA9567AAD93F3 /* Models.swift */; };
		D87556D56F4325A2D965E390 /* WarrantyTrackerApp.swift in Sources */ = {isa = PBXBuildFile; fileRef = 907048FBEAB0D9FC15FF9485 /* WarrantyTrackerApp.swift */; };
		E1353671CAB5C800CEA1A6AC /* iOSInventoryUITests.swift in Sources */ = {isa = PBXBuildFile; fileRef = 40E1A7EB813EF5CAFA85C0F4 /* iOSInventoryUITests.swift */; };
		E5072D6D37AEFACB8D6DF01F /* FormSupport.swift in Sources */ = {isa = PBXBuildFile; fileRef = 190E86600B312C7DA50C282E /* FormSupport.swift */; };
		E8C8BC7BA0760FDAF97E79B9 /* Values.swift in Sources */ = {isa = PBXBuildFile; fileRef = A4C1ED45F4E3CB3646C91B2D /* Values.swift */; };
		ED0AA57D8BC815BFF8EBB3CE /* CoverageEditorView.swift in Sources */ = {isa = PBXBuildFile; fileRef = 3FF6E7D7C28A1567304E7414 /* CoverageEditorView.swift */; };
/* End PBXBuildFile section */

/* Begin PBXContainerItemProxy section */
		349653E852DEE2EEB1D92527 /* PBXContainerItemProxy */ = {
			isa = PBXContainerItemProxy;
			containerPortal = 98F54143AB4E86B28C3AFEE0 /* Project object */;
			proxyType = 1;
			remoteGlobalIDString = F87DF9BD4F147A9313EF40BA;
			remoteInfo = "WarrantyTracker-iOS";
		};
		543593F340E29103148AE3D5 /* PBXContainerItemProxy */ = {
			isa = PBXContainerItemProxy;
			containerPortal = 98F54143AB4E86B28C3AFEE0 /* Project object */;
			proxyType = 1;
			remoteGlobalIDString = 33390A2066E27B7665DAF4D4;
			remoteInfo = "WarrantyTracker-macOS";
		};
		E1E7538064DE0C2910521DD8 /* PBXContainerItemProxy */ = {
			isa = PBXContainerItemProxy;
			containerPortal = 98F54143AB4E86B28C3AFEE0 /* Project object */;
			proxyType = 1;
			remoteGlobalIDString = 33390A2066E27B7665DAF4D4;
			remoteInfo = "WarrantyTracker-macOS";
		};
/* End PBXContainerItemProxy section */

/* Begin PBXFileReference section */
		190E86600B312C7DA50C282E /* FormSupport.swift */ = {isa = PBXFileReference; lastKnownFileType = sourcecode.swift; path = FormSupport.swift; sourceTree = "<group>"; };
		1DF68E09BD8F3E30CA1EFD91 /* WarrantyTrackeriOSUITests.xctest */ = {isa = PBXFileReference; explicitFileType = wrapper.cfbundle; includeInIndex = 0; path = WarrantyTrackeriOSUITests.xctest; sourceTree = BUILT_PRODUCTS_DIR; };
		26CC1C5ED8D424DFDF1A778E /* CardsView.swift */ = {isa = PBXFileReference; lastKnownFileType = sourcecode.swift; path = CardsView.swift; sourceTree = "<group>"; };
		3FF6E7D7C28A1567304E7414 /* CoverageEditorView.swift */ = {isa = PBXFileReference; lastKnownFileType = sourcecode.swift; path = CoverageEditorView.swift; sourceTree = "<group>"; };
		40E1A7EB813EF5CAFA85C0F4 /* iOSInventoryUITests.swift */ = {isa = PBXFileReference; lastKnownFileType = sourcecode.swift; path = iOSInventoryUITests.swift; sourceTree = "<group>"; };
		4128517EBDC473FD041CCE8F /* WarrantyTrackerTests.xctest */ = {isa = PBXFileReference; explicitFileType = wrapper.cfbundle; includeInIndex = 0; path = WarrantyTrackerTests.xctest; sourceTree = BUILT_PRODUCTS_DIR; };
		482966011B6DA41BE9E2D31E /* WarrantyTrackerTests.swift */ = {isa = PBXFileReference; lastKnownFileType = sourcecode.swift; path = WarrantyTrackerTests.swift; sourceTree = "<group>"; };
		557EFCEDFC3544660E014030 /* WarrantyTrackerUITests.xctest */ = {isa = PBXFileReference; explicitFileType = wrapper.cfbundle; includeInIndex = 0; path = WarrantyTrackerUITests.xctest; sourceTree = BUILT_PRODUCTS_DIR; };
		653E119771985BAF324902C0 /* CoverageRules.swift */ = {isa = PBXFileReference; lastKnownFileType = sourcecode.swift; path = CoverageRules.swift; sourceTree = "<group>"; };
		73F7024AD4730BD30A8BDB3B /* ItemEditorView.swift */ = {isa = PBXFileReference; lastKnownFileType = sourcecode.swift; path = ItemEditorView.swift; sourceTree = "<group>"; };
		77E594EA1A903E02BB6E11B9 /* InventoryUITests.swift */ = {isa = PBXFileReference; lastKnownFileType = sourcecode.swift; path = InventoryUITests.swift; sourceTree = "<group>"; };
		80E98474EF6CA82CAA70736D /* WarrantyTracker.app */ = {isa = PBXFileReference; explicitFileType = wrapper.application; includeInIndex = 0; path = WarrantyTracker.app; sourceTree = BUILT_PRODUCTS_DIR; };
		907048FBEAB0D9FC15FF9485 /* WarrantyTrackerApp.swift */ = {isa = PBXFileReference; lastKnownFileType = sourcecode.swift; path = WarrantyTrackerApp.swift; sourceTree = "<group>"; };
		90EDE5C9464CF3701597110F /* ItemDetailView.swift */ = {isa = PBXFileReference; lastKnownFileType = sourcecode.swift; path = ItemDetailView.swift; sourceTree = "<group>"; };
		94FC6358B731981816001F76 /* SchemaV2.swift */ = {isa = PBXFileReference; lastKnownFileType = sourcecode.swift; path = SchemaV2.swift; sourceTree = "<group>"; };
		A0E629A9C81FD8F224806541 /* InventoryView.swift */ = {isa = PBXFileReference; lastKnownFileType = sourcecode.swift; path = InventoryView.swift; sourceTree = "<group>"; };
		A4C1ED45F4E3CB3646C91B2D /* Values.swift */ = {isa = PBXFileReference; lastKnownFileType = sourcecode.swift; path = Values.swift; sourceTree = "<group>"; };
		AC27586DAB3DA9567AAD93F3 /* Models.swift */ = {isa = PBXFileReference; lastKnownFileType = sourcecode.swift; path = Models.swift; sourceTree = "<group>"; };
		B25918E9BF78135B777D6DA6 /* Catalog.swift */ = {isa = PBXFileReference; lastKnownFileType = sourcecode.swift; path = Catalog.swift; sourceTree = "<group>"; };
		C542F1544998950D8E9C8FAF /* WarrantyTracker.app */ = {isa = PBXFileReference; explicitFileType = wrapper.application; includeInIndex = 0; path = WarrantyTracker.app; sourceTree = BUILT_PRODUCTS_DIR; };
		CB6D7F59C698D185094EA30B /* DefaultsView.swift */ = {isa = PBXFileReference; lastKnownFileType = sourcecode.swift; path = DefaultsView.swift; sourceTree = "<group>"; };
		DF728DEB4C7E8754D313EFDE /* InventorySearch.swift */ = {isa = PBXFileReference; lastKnownFileType = sourcecode.swift; path = InventorySearch.swift; sourceTree = "<group>"; };
		E1157BD903F1F30B6426DD8D /* SettingsView.swift */ = {isa = PBXFileReference; lastKnownFileType = sourcecode.swift; path = SettingsView.swift; sourceTree = "<group>"; };
/* End PBXFileReference section */

/* Begin PBXFrameworksBuildPhase section */
		46C938BBFB0738DEFC916417 /* Frameworks */ = {
			isa = PBXFrameworksBuildPhase;
			buildActionMask = 2147483647;
			files = (
			);
			runOnlyForDeploymentPostprocessing = 0;
		};
		6C70B742BA0C51DA7D45F70D /* Frameworks */ = {
			isa = PBXFrameworksBuildPhase;
			buildActionMask = 2147483647;
			files = (
			);
			runOnlyForDeploymentPostprocessing = 0;
		};
		8EF30EEDF88CF94167AC7FDD /* Frameworks */ = {
			isa = PBXFrameworksBuildPhase;
			buildActionMask = 2147483647;
			files = (
			);
			runOnlyForDeploymentPostprocessing = 0;
		};
		A6778BA5256EA5431B5C774F /* Frameworks */ = {
			isa = PBXFrameworksBuildPhase;
			buildActionMask = 2147483647;
			files = (
			);
			runOnlyForDeploymentPostprocessing = 0;
		};
		BDAA36B122F4DFD4808521D7 /* Frameworks */ = {
			isa = PBXFrameworksBuildPhase;
			buildActionMask = 2147483647;
			files = (
			);
			runOnlyForDeploymentPostprocessing = 0;
		};
/* End PBXFrameworksBuildPhase section */

/* Begin PBXGroup section */
		01A56490A3FF5797A24897C4 /* WarrantyTracker */ = {
			isa = PBXGroup;
			children = (6064E1E3DD8AD12C4E574BD6, 5762CA675A454212697856CB, 71A914EBAE27611D6CD4298E, 127CE2F6A39258948A79C8AD, DB29AD56B69741B1CDAB757F, 11B718E1BC8227B0370ABA33, 5ED9D667830FDE0A8742F661,
				E1157BD903F1F30B6426DD8D /* SettingsView.swift */,
				94FC6358B731981816001F76 /* SchemaV2.swift */,
				DF728DEB4C7E8754D313EFDE /* InventorySearch.swift */,
				190E86600B312C7DA50C282E /* FormSupport.swift */,
				653E119771985BAF324902C0 /* CoverageRules.swift */,
				3FF6E7D7C28A1567304E7414 /* CoverageEditorView.swift */,
				B25918E9BF78135B777D6DA6 /* Catalog.swift */,
				26CC1C5ED8D424DFDF1A778E /* CardsView.swift */,
				CB6D7F59C698D185094EA30B /* DefaultsView.swift */,
				A0E629A9C81FD8F224806541 /* InventoryView.swift */,
				90EDE5C9464CF3701597110F /* ItemDetailView.swift */,
				73F7024AD4730BD30A8BDB3B /* ItemEditorView.swift */,
				AC27586DAB3DA9567AAD93F3 /* Models.swift */,
				A4C1ED45F4E3CB3646C91B2D /* Values.swift */,
				907048FBEAB0D9FC15FF9485 /* WarrantyTrackerApp.swift */,
			);
			path = WarrantyTracker;
			sourceTree = "<group>";
		};
		B28B7AF69320201D1CF206EB = {
			isa = PBXGroup;
			children = (
				01A56490A3FF5797A24897C4 /* WarrantyTracker */,
				E337615E03BB8EED31B50E9F /* WarrantyTrackerTests */,
				C6E563D3D7C1BC284A64D1A5 /* WarrantyTrackerUITests */,
				FBDC4F23F93125BBEEAE800C /* Products */,
			);
			sourceTree = "<group>";
		};
		C6E563D3D7C1BC284A64D1A5 /* WarrantyTrackerUITests */ = {
			isa = PBXGroup;
			children = (
				40E1A7EB813EF5CAFA85C0F4 /* iOSInventoryUITests.swift */,
				77E594EA1A903E02BB6E11B9 /* InventoryUITests.swift */,
			);
			path = WarrantyTrackerUITests;
			sourceTree = "<group>";
		};
		E337615E03BB8EED31B50E9F /* WarrantyTrackerTests */ = {
			isa = PBXGroup;
			children = (05E46E62FCA7B3404B12CFA3,
				482966011B6DA41BE9E2D31E /* WarrantyTrackerTests.swift */,
			);
			path = WarrantyTrackerTests;
			sourceTree = "<group>";
		};
		FBDC4F23F93125BBEEAE800C /* Products */ = {
			isa = PBXGroup;
			children = (
				1DF68E09BD8F3E30CA1EFD91 /* WarrantyTrackeriOSUITests.xctest */,
				C542F1544998950D8E9C8FAF /* WarrantyTracker.app */,
				80E98474EF6CA82CAA70736D /* WarrantyTracker.app */,
				4128517EBDC473FD041CCE8F /* WarrantyTrackerTests.xctest */,
				557EFCEDFC3544660E014030 /* WarrantyTrackerUITests.xctest */,
			);
			name = Products;
			sourceTree = "<group>";
		};
/* End PBXGroup section */

/* Begin PBXNativeTarget section */
		33390A2066E27B7665DAF4D4 /* WarrantyTracker-macOS */ = {
			isa = PBXNativeTarget;
			buildConfigurationList = 2E8790BC52BA2DD8B641A23E /* Build configuration list for PBXNativeTarget "WarrantyTracker-macOS" */;
			buildPhases = (
				B511447645623DC7834062D4 /* Sources */,
				BDAA36B122F4DFD4808521D7 /* Frameworks */,
				C335A8B28CEB81765F12D81F /* Resources */,
			);
			buildRules = (
			);
			dependencies = (
			);
			name = "WarrantyTracker-macOS";
			productName = WarrantyTracker;
			productReference = 80E98474EF6CA82CAA70736D /* WarrantyTracker.app */;
			productType = "com.apple.product-type.application";
		};
		7B6D89B93096922EC40F9B44 /* WarrantyTrackeriOSUITests */ = {
			isa = PBXNativeTarget;
			buildConfigurationList = C891F9BBFDC60E120A5C6D4C /* Build configuration list for PBXNativeTarget "WarrantyTrackeriOSUITests" */;
			buildPhases = (
				46F935B88E5C5D33E265A8F2 /* Sources */,
				A6778BA5256EA5431B5C774F /* Frameworks */,
				09A15BF6A2C60E87BC7F0AF2 /* Resources */,
			);
			buildRules = (
			);
			dependencies = (
				001D2093700A2802AA26F695 /* PBXTargetDependency */,
			);
			name = WarrantyTrackeriOSUITests;
			productName = WarrantyTrackeriOSUITests;
			productReference = 1DF68E09BD8F3E30CA1EFD91 /* WarrantyTrackeriOSUITests.xctest */;
			productType = "com.apple.product-type.bundle.ui-testing";
		};
		C7E11ABF6EBCC8FC0EE844E1 /* WarrantyTrackerUITests */ = {
			isa = PBXNativeTarget;
			buildConfigurationList = 621B57BDD3AFCE0680A466F3 /* Build configuration list for PBXNativeTarget "WarrantyTrackerUITests" */;
			buildPhases = (
				EA002D7C73CFFE8163E0824F /* Sources */,
				6C70B742BA0C51DA7D45F70D /* Frameworks */,
				A7794A9529A1D24E339CE841 /* Resources */,
			);
			buildRules = (
			);
			dependencies = (
				5C98A54CF52727C8DDD88FE0 /* PBXTargetDependency */,
			);
			name = WarrantyTrackerUITests;
			productName = WarrantyTracker;
			productReference = 557EFCEDFC3544660E014030 /* WarrantyTrackerUITests.xctest */;
			productType = "com.apple.product-type.bundle.ui-testing";
		};
		D81ECA06B328F466246D34A5 /* WarrantyTrackerTests */ = {
			isa = PBXNativeTarget;
			buildConfigurationList = A6D4E9C18FCF31A463BDD924 /* Build configuration list for PBXNativeTarget "WarrantyTrackerTests" */;
			buildPhases = (
				AE502DC74BC5887F678ACFA6 /* Sources */,
				46C938BBFB0738DEFC916417 /* Frameworks */,
				84E2C3966F65C8EAE76440BA /* Resources */,
			);
			buildRules = (
			);
			dependencies = (
				C490EB450C88CA3375C9573A /* PBXTargetDependency */,
			);
			name = WarrantyTrackerTests;
			productName = WarrantyTracker;
			productReference = 4128517EBDC473FD041CCE8F /* WarrantyTrackerTests.xctest */;
			productType = "com.apple.product-type.bundle.unit-test";
		};
		F87DF9BD4F147A9313EF40BA /* WarrantyTracker-iOS */ = {
			isa = PBXNativeTarget;
			buildConfigurationList = DD9F5EEB1C94A71EDCCFDABF /* Build configuration list for PBXNativeTarget "WarrantyTracker-iOS" */;
			buildPhases = (
				3781203C9E15722D4644BDBE /* Sources */,
				8EF30EEDF88CF94167AC7FDD /* Frameworks */,
				6C6E0552BD6459D95CBACB38 /* Resources */,
			);
			buildRules = (
			);
			dependencies = (
			);
			name = "WarrantyTracker-iOS";
			productName = WarrantyTracker;
			productReference = C542F1544998950D8E9C8FAF /* WarrantyTracker.app */;
			productType = "com.apple.product-type.application";
		};
/* End PBXNativeTarget section */

/* Begin PBXProject section */
		98F54143AB4E86B28C3AFEE0 /* Project object */ = {
			isa = PBXProject;
			attributes = {
				BuildIndependentTargetsInParallel = YES;
				LastSwiftUpdateCheck = 2600;
				LastUpgradeCheck = 2700;
			};
			buildConfigurationList = 862894B703A6DEDF96A9DD6C /* Build configuration list for PBXProject "WarrantyTracker" */;
			compatibilityVersion = "Xcode 14.0";
			developmentRegion = en;
			hasScannedForEncodings = 0;
			knownRegions = (
				en,
				Base,
			);
			mainGroup = B28B7AF69320201D1CF206EB;
			productRefGroup = FBDC4F23F93125BBEEAE800C /* Products */;
			projectDirPath = "";
			projectRoot = "";
			targets = (
				7B6D89B93096922EC40F9B44 /* WarrantyTrackeriOSUITests */,
				F87DF9BD4F147A9313EF40BA /* WarrantyTracker-iOS */,
				33390A2066E27B7665DAF4D4 /* WarrantyTracker-macOS */,
				D81ECA06B328F466246D34A5 /* WarrantyTrackerTests */,
				C7E11ABF6EBCC8FC0EE844E1 /* WarrantyTrackerUITests */,
			);
		};
/* End PBXProject section */

/* Begin PBXResourcesBuildPhase section */
		09A15BF6A2C60E87BC7F0AF2 /* Resources */ = {
			isa = PBXResourcesBuildPhase;
			buildActionMask = 2147483647;
			files = (
			);
			runOnlyForDeploymentPostprocessing = 0;
		};
		6C6E0552BD6459D95CBACB38 /* Resources */ = {
			isa = PBXResourcesBuildPhase;
			buildActionMask = 2147483647;
			files = (B02D872708646ED59DF3DCB9,
			);
			runOnlyForDeploymentPostprocessing = 0;
		};
		84E2C3966F65C8EAE76440BA /* Resources */ = {
			isa = PBXResourcesBuildPhase;
			buildActionMask = 2147483647;
			files = (
			);
			runOnlyForDeploymentPostprocessing = 0;
		};
		A7794A9529A1D24E339CE841 /* Resources */ = {
			isa = PBXResourcesBuildPhase;
			buildActionMask = 2147483647;
			files = (
			);
			runOnlyForDeploymentPostprocessing = 0;
		};
		C335A8B28CEB81765F12D81F /* Resources */ = {
			isa = PBXResourcesBuildPhase;
			buildActionMask = 2147483647;
			files = (5F65C61C1120C0A251EA1E34,
			);
			runOnlyForDeploymentPostprocessing = 0;
		};
/* End PBXResourcesBuildPhase section */

/* Begin PBXSourcesBuildPhase section */
		3781203C9E15722D4644BDBE /* Sources */ = {
			isa = PBXSourcesBuildPhase;
			buildActionMask = 2147483647;
			files = (BE2C0849463625CC1C5A0AE6, 85DD601A5D29600D6A21C21D, 706D0645BA305FD9CD2B1B14, D40FE2E28D41E96045FC0A4F, 9564A1B087B8F94B9E663C82, AE1F82B7FFF67493F1F597D9,
				85CE17E87CC8F5CE4CC83091 /* SettingsView.swift in Sources */,
				7FAADB88B77B510A18D6FB51 /* SchemaV2.swift in Sources */,
				76CB2FC045C7A24F61167282 /* InventorySearch.swift in Sources */,
				3B19669463D0E690D6F7C24A /* FormSupport.swift in Sources */,
				C53AAC25265F9F5ECCBBDD2E /* CoverageRules.swift in Sources */,
				ED0AA57D8BC815BFF8EBB3CE /* CoverageEditorView.swift in Sources */,
				70EB7115145E86F76990EE01 /* Catalog.swift in Sources */,
				95FB3414279CFBC53AA1BFB5 /* CardsView.swift in Sources */,
				0E1DAB071A4C245125DA89E7 /* DefaultsView.swift in Sources */,
				5B11C92FBA7BDBF94C08E140 /* InventoryView.swift in Sources */,
				07E00FC02F9BFC3C038785FF /* ItemDetailView.swift in Sources */,
				0CAF08E87FEF636FED3D488F /* ItemEditorView.swift in Sources */,
				D40D75447E42BA4DDCD737DC /* Models.swift in Sources */,
				E8C8BC7BA0760FDAF97E79B9 /* Values.swift in Sources */,
				9629F9330D86A76241F522AE /* WarrantyTrackerApp.swift in Sources */,
			);
			runOnlyForDeploymentPostprocessing = 0;
		};
		46F935B88E5C5D33E265A8F2 /* Sources */ = {
			isa = PBXSourcesBuildPhase;
			buildActionMask = 2147483647;
			files = (
				E1353671CAB5C800CEA1A6AC /* iOSInventoryUITests.swift in Sources */,
			);
			runOnlyForDeploymentPostprocessing = 0;
		};
		AE502DC74BC5887F678ACFA6 /* Sources */ = {
			isa = PBXSourcesBuildPhase;
			buildActionMask = 2147483647;
			files = (9692E298E205694404D11152,
				AC1CE108E44C45CBCCAB2721 /* WarrantyTrackerTests.swift in Sources */,
			);
			runOnlyForDeploymentPostprocessing = 0;
		};
		B511447645623DC7834062D4 /* Sources */ = {
			isa = PBXSourcesBuildPhase;
			buildActionMask = 2147483647;
			files = (11F3922CB05CABCE28E94D78, E0DEEAB3E91501844E1A859A, 62ABDE443F9A3499F21463B3, 7E93287BA238A65169292749, 6475B26C663EA58488D1A4AE, 70215A8FBB8B3DFC52F8F7D7,
				212060B9C139A64F42B69A67 /* SettingsView.swift in Sources */,
				8E497AC7A533390779B3E814 /* SchemaV2.swift in Sources */,
				67EDEAC275031786DD8C0048 /* InventorySearch.swift in Sources */,
				E5072D6D37AEFACB8D6DF01F /* FormSupport.swift in Sources */,
				143D3BD458BAF23D3F4A3208 /* CoverageRules.swift in Sources */,
				629BB3041AE32D2623E91780 /* CoverageEditorView.swift in Sources */,
				51FC6CBD62F82B21C05A69D8 /* Catalog.swift in Sources */,
				8D3515C47673BDD87CCBF16C /* CardsView.swift in Sources */,
				CCB9E86ECA288B361F67B134 /* DefaultsView.swift in Sources */,
				3E2BEB47552C5D649F622591 /* InventoryView.swift in Sources */,
				AE555AF9B5A9D57BA0E13CD3 /* ItemDetailView.swift in Sources */,
				8BB7EF70F607F27EF59C4FCF /* ItemEditorView.swift in Sources */,
				A79A19E3665493BAA0DAE623 /* Models.swift in Sources */,
				8B8E5324D8C92CA8119B1B73 /* Values.swift in Sources */,
				D87556D56F4325A2D965E390 /* WarrantyTrackerApp.swift in Sources */,
			);
			runOnlyForDeploymentPostprocessing = 0;
		};
		EA002D7C73CFFE8163E0824F /* Sources */ = {
			isa = PBXSourcesBuildPhase;
			buildActionMask = 2147483647;
			files = (
				A9F050ED69B4DEDF3CFDF20F /* InventoryUITests.swift in Sources */,
			);
			runOnlyForDeploymentPostprocessing = 0;
		};
/* End PBXSourcesBuildPhase section */

/* Begin PBXTargetDependency section */
		001D2093700A2802AA26F695 /* PBXTargetDependency */ = {
			isa = PBXTargetDependency;
			target = F87DF9BD4F147A9313EF40BA /* WarrantyTracker-iOS */;
			targetProxy = 349653E852DEE2EEB1D92527 /* PBXContainerItemProxy */;
		};
		5C98A54CF52727C8DDD88FE0 /* PBXTargetDependency */ = {
			isa = PBXTargetDependency;
			target = 33390A2066E27B7665DAF4D4 /* WarrantyTracker-macOS */;
			targetProxy = 543593F340E29103148AE3D5 /* PBXContainerItemProxy */;
		};
		C490EB450C88CA3375C9573A /* PBXTargetDependency */ = {
			isa = PBXTargetDependency;
			target = 33390A2066E27B7665DAF4D4 /* WarrantyTracker-macOS */;
			targetProxy = E1E7538064DE0C2910521DD8 /* PBXContainerItemProxy */;
		};
/* End PBXTargetDependency section */

/* Begin XCBuildConfiguration section */
		051FE34E8AA5C64A8A7F5BB6 /* Debug */ = {
			isa = XCBuildConfiguration;
			buildSettings = {ASSETCATALOG_COMPILER_APPICON_NAME = AppIcon; CODE_SIGN_ENTITLEMENTS = "WarrantyTracker/WarrantyTracker-macOS.entitlements";
				CODE_SIGN_STYLE = Automatic;
				CURRENT_PROJECT_VERSION = 1;
				DEAD_CODE_STRIPPING = YES;
				ENABLE_APP_SANDBOX = YES;
				ENABLE_HARDENED_RUNTIME = YES;
				ENABLE_TESTABILITY = YES;
				ENABLE_USER_SCRIPT_SANDBOXING = YES;
				GENERATE_INFOPLIST_FILE = YES;
				INFOPLIST_KEY_CFBundleDisplayName = WarrantyTracker;
				INFOPLIST_KEY_LSApplicationCategoryType = "public.app-category.productivity";
				IPHONEOS_DEPLOYMENT_TARGET = 26.0;
				LD_RUNPATH_SEARCH_PATHS = (
					"$(inherited)",
					"@executable_path/../Frameworks",
					"@executable_path/Frameworks",
				);
				MACOSX_DEPLOYMENT_TARGET = 26.0;
				MARKETING_VERSION = 0.1.0;
				PRODUCT_BUNDLE_IDENTIFIER = com.boojew.warrantytracker;
				PRODUCT_MODULE_NAME = WarrantyTracker;
				PRODUCT_NAME = WarrantyTracker;
				SDKROOT = macosx;
				SUPPORTED_PLATFORMS = macosx;
				SWIFT_OPTIMIZATION_LEVEL = "-Onone";
				SWIFT_STRICT_CONCURRENCY = complete;
				SWIFT_VERSION = 6.0;
			};
			name = Debug;
		};
		34CCDD3076AF004341A31BDD /* Debug */ = {
			isa = XCBuildConfiguration;
			buildSettings = {
				CODE_SIGN_STYLE = Automatic;
				GENERATE_INFOPLIST_FILE = YES;
				IPHONEOS_DEPLOYMENT_TARGET = 26.0;
				PRODUCT_BUNDLE_IDENTIFIER = com.boojew.warrantytracker.iosuitests;
				PRODUCT_NAME = "$(TARGET_NAME)";
				SDKROOT = iphoneos;
				SUPPORTED_PLATFORMS = "iphoneos iphonesimulator";
				SWIFT_VERSION = 6.0;
				TARGETED_DEVICE_FAMILY = 1;
				TEST_TARGET_NAME = "WarrantyTracker-iOS";
			};
			name = Debug;
		};
		56099273A0B8AAAA9A7C0FB4 /* Debug */ = {
			isa = XCBuildConfiguration;
			buildSettings = {ASSETCATALOG_COMPILER_APPICON_NAME = AppIcon; INFOPLIST_KEY_NSCameraUsageDescription = "Take photos of items, receipts and serial numbers for your warranty inventory.";
				CODE_SIGN_STYLE = Automatic;
				CURRENT_PROJECT_VERSION = 1;
				ENABLE_APP_SANDBOX = YES;
				ENABLE_HARDENED_RUNTIME = YES;
				ENABLE_TESTABILITY = YES;
				ENABLE_USER_SCRIPT_SANDBOXING = YES;
				GENERATE_INFOPLIST_FILE = YES;
				INFOPLIST_KEY_CFBundleDisplayName = WarrantyTracker;
				INFOPLIST_KEY_LSApplicationCategoryType = "public.app-category.productivity";
				INFOPLIST_KEY_UIApplicationSceneManifest_Generation = YES;
				INFOPLIST_KEY_UILaunchScreen_Generation = YES;
				INFOPLIST_KEY_UISupportedInterfaceOrientations = "UIInterfaceOrientationPortrait UIInterfaceOrientationLandscapeLeft UIInterfaceOrientationLandscapeRight";
				IPHONEOS_DEPLOYMENT_TARGET = 26.0;
				LD_RUNPATH_SEARCH_PATHS = (
					"$(inherited)",
					"@executable_path/../Frameworks",
					"@executable_path/Frameworks",
				);
				MACOSX_DEPLOYMENT_TARGET = 26.0;
				MARKETING_VERSION = 0.1.0;
				PRODUCT_BUNDLE_IDENTIFIER = com.boojew.warrantytracker;
				PRODUCT_MODULE_NAME = WarrantyTracker;
				PRODUCT_NAME = WarrantyTracker;
				SDKROOT = iphoneos;
				SUPPORTED_PLATFORMS = "iphoneos iphonesimulator";
				SUPPORTS_MACCATALYST = NO;
				SUPPORTS_MAC_DESIGNED_FOR_IPHONE_IPAD = NO;
				SWIFT_OPTIMIZATION_LEVEL = "-Onone";
				SWIFT_STRICT_CONCURRENCY = complete;
				SWIFT_VERSION = 6.0;
				TARGETED_DEVICE_FAMILY = 1;
			};
			name = Debug;
		};
		6CDB59B229DEF90EBBE1EB17 /* Release */ = {
			isa = XCBuildConfiguration;
			buildSettings = {
				BUNDLE_LOADER = "$(TEST_HOST)";
				CODE_SIGN_STYLE = Automatic;
				CURRENT_PROJECT_VERSION = 1;
				DEAD_CODE_STRIPPING = YES;
				ENABLE_USER_SCRIPT_SANDBOXING = YES;
				GENERATE_INFOPLIST_FILE = YES;
				IPHONEOS_DEPLOYMENT_TARGET = 26.0;
				LD_RUNPATH_SEARCH_PATHS = (
					"$(inherited)",
					"@executable_path/../Frameworks",
					"@executable_path/Frameworks",
				);
				MACOSX_DEPLOYMENT_TARGET = 26.0;
				MARKETING_VERSION = 0.1.0;
				PRODUCT_BUNDLE_IDENTIFIER = com.boojew.warrantytracker.tests;
				PRODUCT_NAME = "$(TARGET_NAME)";
				SDKROOT = macosx;
				SUPPORTED_PLATFORMS = macosx;
				SWIFT_STRICT_CONCURRENCY = complete;
				SWIFT_VERSION = 6.0;
				TEST_HOST = "$(BUILT_PRODUCTS_DIR)/WarrantyTracker.app/Contents/MacOS/WarrantyTracker";
			};
			name = Release;
		};
		750A24A549F3633394FE7C3C /* Release */ = {
			isa = XCBuildConfiguration;
			buildSettings = {ASSETCATALOG_COMPILER_APPICON_NAME = AppIcon; CODE_SIGN_ENTITLEMENTS = "WarrantyTracker/WarrantyTracker-macOS.entitlements";
				CODE_SIGN_STYLE = Automatic;
				CURRENT_PROJECT_VERSION = 1;
				DEAD_CODE_STRIPPING = YES;
				ENABLE_APP_SANDBOX = YES;
				ENABLE_HARDENED_RUNTIME = YES;
				ENABLE_USER_SCRIPT_SANDBOXING = YES;
				GENERATE_INFOPLIST_FILE = YES;
				INFOPLIST_KEY_CFBundleDisplayName = WarrantyTracker;
				INFOPLIST_KEY_LSApplicationCategoryType = "public.app-category.productivity";
				IPHONEOS_DEPLOYMENT_TARGET = 26.0;
				LD_RUNPATH_SEARCH_PATHS = (
					"$(inherited)",
					"@executable_path/../Frameworks",
					"@executable_path/Frameworks",
				);
				MACOSX_DEPLOYMENT_TARGET = 26.0;
				MARKETING_VERSION = 0.1.0;
				PRODUCT_BUNDLE_IDENTIFIER = com.boojew.warrantytracker;
				PRODUCT_MODULE_NAME = WarrantyTracker;
				PRODUCT_NAME = WarrantyTracker;
				SDKROOT = macosx;
				SUPPORTED_PLATFORMS = macosx;
				SWIFT_STRICT_CONCURRENCY = complete;
				SWIFT_VERSION = 6.0;
			};
			name = Release;
		};
		8616C6278C13915B359267D8 /* Debug */ = {
			isa = XCBuildConfiguration;
			buildSettings = {
				BUNDLE_LOADER = "$(TEST_HOST)";
				CODE_SIGN_STYLE = Automatic;
				CURRENT_PROJECT_VERSION = 1;
				DEAD_CODE_STRIPPING = YES;
				ENABLE_TESTABILITY = YES;
				ENABLE_USER_SCRIPT_SANDBOXING = YES;
				GENERATE_INFOPLIST_FILE = YES;
				IPHONEOS_DEPLOYMENT_TARGET = 26.0;
				LD_RUNPATH_SEARCH_PATHS = (
					"$(inherited)",
					"@executable_path/../Frameworks",
					"@executable_path/Frameworks",
				);
				MACOSX_DEPLOYMENT_TARGET = 26.0;
				MARKETING_VERSION = 0.1.0;
				PRODUCT_BUNDLE_IDENTIFIER = com.boojew.warrantytracker.tests;
				PRODUCT_NAME = "$(TARGET_NAME)";
				SDKROOT = macosx;
				SUPPORTED_PLATFORMS = macosx;
				SWIFT_OPTIMIZATION_LEVEL = "-Onone";
				SWIFT_STRICT_CONCURRENCY = complete;
				SWIFT_VERSION = 6.0;
				TEST_HOST = "$(BUILT_PRODUCTS_DIR)/WarrantyTracker.app/Contents/MacOS/WarrantyTracker";
			};
			name = Debug;
		};
		8938A7CF6338AB46BE5D009A /* Release */ = {
			isa = XCBuildConfiguration;
			buildSettings = {
				CODE_SIGN_STYLE = Automatic;
				CURRENT_PROJECT_VERSION = 1;
				DEAD_CODE_STRIPPING = YES;
				ENABLE_USER_SCRIPT_SANDBOXING = YES;
				GENERATE_INFOPLIST_FILE = YES;
				IPHONEOS_DEPLOYMENT_TARGET = 26.0;
				LD_RUNPATH_SEARCH_PATHS = (
					"$(inherited)",
					"@executable_path/../Frameworks",
					"@executable_path/Frameworks",
				);
				MACOSX_DEPLOYMENT_TARGET = 26.0;
				MARKETING_VERSION = 0.1.0;
				PRODUCT_BUNDLE_IDENTIFIER = com.boojew.warrantytracker.uitests;
				PRODUCT_NAME = "$(TARGET_NAME)";
				SDKROOT = macosx;
				SUPPORTED_PLATFORMS = macosx;
				SWIFT_STRICT_CONCURRENCY = complete;
				SWIFT_VERSION = 6.0;
				TEST_TARGET_NAME = "WarrantyTracker-macOS";
			};
			name = Release;
		};
		89E1FD6268CC0F221A2BE178 /* Debug */ = {
			isa = XCBuildConfiguration;
			buildSettings = {
				CLANG_ENABLE_MODULES = YES;
				CLANG_ENABLE_OBJC_ARC = YES;
				CLANG_WARN_BLOCK_CAPTURE_AUTORELEASING = YES;
				CLANG_WARN_BOOL_CONVERSION = YES;
				CLANG_WARN_COMMA = YES;
				CLANG_WARN_CONSTANT_CONVERSION = YES;
				CLANG_WARN_DEPRECATED_OBJC_IMPLEMENTATIONS = YES;
				CLANG_WARN_EMPTY_BODY = YES;
				CLANG_WARN_ENUM_CONVERSION = YES;
				CLANG_WARN_INFINITE_RECURSION = YES;
				CLANG_WARN_INT_CONVERSION = YES;
				CLANG_WARN_NON_LITERAL_NULL_CONVERSION = YES;
				CLANG_WARN_OBJC_IMPLICIT_RETAIN_SELF = YES;
				CLANG_WARN_OBJC_LITERAL_CONVERSION = YES;
				CLANG_WARN_QUOTED_INCLUDE_IN_FRAMEWORK_HEADER = YES;
				CLANG_WARN_RANGE_LOOP_ANALYSIS = YES;
				CLANG_WARN_STRICT_PROTOTYPES = YES;
				CLANG_WARN_SUSPICIOUS_MOVE = YES;
				CLANG_WARN_UNREACHABLE_CODE = YES;
				CLANG_WARN__DUPLICATE_METHOD_MATCH = YES;
				DEAD_CODE_STRIPPING = YES;
				DEBUG_INFORMATION_FORMAT = dwarf;
				ENABLE_STRICT_OBJC_MSGSEND = YES;
				ENABLE_TESTABILITY = YES;
				GCC_C_LANGUAGE_STANDARD = gnu17;
				GCC_NO_COMMON_BLOCKS = YES;
				GCC_WARN_64_TO_32_BIT_CONVERSION = YES;
				GCC_WARN_ABOUT_RETURN_TYPE = YES;
				GCC_WARN_UNDECLARED_SELECTOR = YES;
				GCC_WARN_UNINITIALIZED_AUTOS = YES;
				GCC_WARN_UNUSED_FUNCTION = YES;
				GCC_WARN_UNUSED_VARIABLE = YES;
				ONLY_ACTIVE_ARCH = YES;
				STRING_CATALOG_GENERATE_SYMBOLS = YES;
				SWIFT_ACTIVE_COMPILATION_CONDITIONS = "$(inherited) DEBUG";
				SWIFT_VERSION = 6.0;
			};
			name = Debug;
		};
		8F16555C789A897EC57655B1 /* Release */ = {
			isa = XCBuildConfiguration;
			buildSettings = {ASSETCATALOG_COMPILER_APPICON_NAME = AppIcon; INFOPLIST_KEY_NSCameraUsageDescription = "Take photos of items, receipts and serial numbers for your warranty inventory.";
				CODE_SIGN_STYLE = Automatic;
				CURRENT_PROJECT_VERSION = 1;
				ENABLE_APP_SANDBOX = YES;
				ENABLE_HARDENED_RUNTIME = YES;
				ENABLE_USER_SCRIPT_SANDBOXING = YES;
				GENERATE_INFOPLIST_FILE = YES;
				INFOPLIST_KEY_CFBundleDisplayName = WarrantyTracker;
				INFOPLIST_KEY_LSApplicationCategoryType = "public.app-category.productivity";
				INFOPLIST_KEY_UIApplicationSceneManifest_Generation = YES;
				INFOPLIST_KEY_UILaunchScreen_Generation = YES;
				INFOPLIST_KEY_UISupportedInterfaceOrientations = "UIInterfaceOrientationPortrait UIInterfaceOrientationLandscapeLeft UIInterfaceOrientationLandscapeRight";
				IPHONEOS_DEPLOYMENT_TARGET = 26.0;
				LD_RUNPATH_SEARCH_PATHS = (
					"$(inherited)",
					"@executable_path/../Frameworks",
					"@executable_path/Frameworks",
				);
				MACOSX_DEPLOYMENT_TARGET = 26.0;
				MARKETING_VERSION = 0.1.0;
				PRODUCT_BUNDLE_IDENTIFIER = com.boojew.warrantytracker;
				PRODUCT_MODULE_NAME = WarrantyTracker;
				PRODUCT_NAME = WarrantyTracker;
				SDKROOT = iphoneos;
				SUPPORTED_PLATFORMS = "iphoneos iphonesimulator";
				SUPPORTS_MACCATALYST = NO;
				SUPPORTS_MAC_DESIGNED_FOR_IPHONE_IPAD = NO;
				SWIFT_STRICT_CONCURRENCY = complete;
				SWIFT_VERSION = 6.0;
				TARGETED_DEVICE_FAMILY = 1;
			};
			name = Release;
		};
		CA9DA3477F990CC0D76B027B /* Debug */ = {
			isa = XCBuildConfiguration;
			buildSettings = {
				CODE_SIGN_STYLE = Automatic;
				CURRENT_PROJECT_VERSION = 1;
				DEAD_CODE_STRIPPING = YES;
				ENABLE_TESTABILITY = YES;
				ENABLE_USER_SCRIPT_SANDBOXING = YES;
				GENERATE_INFOPLIST_FILE = YES;
				IPHONEOS_DEPLOYMENT_TARGET = 26.0;
				LD_RUNPATH_SEARCH_PATHS = (
					"$(inherited)",
					"@executable_path/../Frameworks",
					"@executable_path/Frameworks",
				);
				MACOSX_DEPLOYMENT_TARGET = 26.0;
				MARKETING_VERSION = 0.1.0;
				PRODUCT_BUNDLE_IDENTIFIER = com.boojew.warrantytracker.uitests;
				PRODUCT_NAME = "$(TARGET_NAME)";
				SDKROOT = macosx;
				SUPPORTED_PLATFORMS = macosx;
				SWIFT_OPTIMIZATION_LEVEL = "-Onone";
				SWIFT_STRICT_CONCURRENCY = complete;
				SWIFT_VERSION = 6.0;
				TEST_TARGET_NAME = "WarrantyTracker-macOS";
			};
			name = Debug;
		};
		CC786B508E0829BF34064933 /* Release */ = {
			isa = XCBuildConfiguration;
			buildSettings = {
				CODE_SIGN_STYLE = Automatic;
				GENERATE_INFOPLIST_FILE = YES;
				IPHONEOS_DEPLOYMENT_TARGET = 26.0;
				PRODUCT_BUNDLE_IDENTIFIER = com.boojew.warrantytracker.iosuitests;
				PRODUCT_NAME = "$(TARGET_NAME)";
				SDKROOT = iphoneos;
				SUPPORTED_PLATFORMS = "iphoneos iphonesimulator";
				SWIFT_VERSION = 6.0;
				TARGETED_DEVICE_FAMILY = 1;
				TEST_TARGET_NAME = "WarrantyTracker-iOS";
			};
			name = Release;
		};
		E6DE6C99132752C914FEF632 /* Release */ = {
			isa = XCBuildConfiguration;
			buildSettings = {
				CLANG_ENABLE_MODULES = YES;
				CLANG_ENABLE_OBJC_ARC = YES;
				CLANG_WARN_BLOCK_CAPTURE_AUTORELEASING = YES;
				CLANG_WARN_BOOL_CONVERSION = YES;
				CLANG_WARN_COMMA = YES;
				CLANG_WARN_CONSTANT_CONVERSION = YES;
				CLANG_WARN_DEPRECATED_OBJC_IMPLEMENTATIONS = YES;
				CLANG_WARN_EMPTY_BODY = YES;
				CLANG_WARN_ENUM_CONVERSION = YES;
				CLANG_WARN_INFINITE_RECURSION = YES;
				CLANG_WARN_INT_CONVERSION = YES;
				CLANG_WARN_NON_LITERAL_NULL_CONVERSION = YES;
				CLANG_WARN_OBJC_IMPLICIT_RETAIN_SELF = YES;
				CLANG_WARN_OBJC_LITERAL_CONVERSION = YES;
				CLANG_WARN_QUOTED_INCLUDE_IN_FRAMEWORK_HEADER = YES;
				CLANG_WARN_RANGE_LOOP_ANALYSIS = YES;
				CLANG_WARN_STRICT_PROTOTYPES = YES;
				CLANG_WARN_SUSPICIOUS_MOVE = YES;
				CLANG_WARN_UNREACHABLE_CODE = YES;
				CLANG_WARN__DUPLICATE_METHOD_MATCH = YES;
				DEAD_CODE_STRIPPING = YES;
				DEBUG_INFORMATION_FORMAT = "dwarf-with-dsym";
				ENABLE_STRICT_OBJC_MSGSEND = YES;
				GCC_C_LANGUAGE_STANDARD = gnu17;
				GCC_NO_COMMON_BLOCKS = YES;
				GCC_WARN_64_TO_32_BIT_CONVERSION = YES;
				GCC_WARN_ABOUT_RETURN_TYPE = YES;
				GCC_WARN_UNDECLARED_SELECTOR = YES;
				GCC_WARN_UNINITIALIZED_AUTOS = YES;
				GCC_WARN_UNUSED_FUNCTION = YES;
				GCC_WARN_UNUSED_VARIABLE = YES;
				STRING_CATALOG_GENERATE_SYMBOLS = YES;
				SWIFT_ACTIVE_COMPILATION_CONDITIONS = "$(inherited) ";
				SWIFT_COMPILATION_MODE = wholemodule;
				SWIFT_VERSION = 6.0;
			};
			name = Release;
		};
/* End XCBuildConfiguration section */

/* Begin XCConfigurationList section */
		2E8790BC52BA2DD8B641A23E /* Build configuration list for PBXNativeTarget "WarrantyTracker-macOS" */ = {
			isa = XCConfigurationList;
			buildConfigurations = (
				051FE34E8AA5C64A8A7F5BB6 /* Debug */,
				750A24A549F3633394FE7C3C /* Release */,
			);
			defaultConfigurationIsVisible = 0;
			defaultConfigurationName = Release;
		};
		621B57BDD3AFCE0680A466F3 /* Build configuration list for PBXNativeTarget "WarrantyTrackerUITests" */ = {
			isa = XCConfigurationList;
			buildConfigurations = (
				CA9DA3477F990CC0D76B027B /* Debug */,
				8938A7CF6338AB46BE5D009A /* Release */,
			);
			defaultConfigurationIsVisible = 0;
			defaultConfigurationName = Release;
		};
		862894B703A6DEDF96A9DD6C /* Build configuration list for PBXProject "WarrantyTracker" */ = {
			isa = XCConfigurationList;
			buildConfigurations = (
				89E1FD6268CC0F221A2BE178 /* Debug */,
				E6DE6C99132752C914FEF632 /* Release */,
			);
			defaultConfigurationIsVisible = 0;
			defaultConfigurationName = Release;
		};
		A6D4E9C18FCF31A463BDD924 /* Build configuration list for PBXNativeTarget "WarrantyTrackerTests" */ = {
			isa = XCConfigurationList;
			buildConfigurations = (
				8616C6278C13915B359267D8 /* Debug */,
				6CDB59B229DEF90EBBE1EB17 /* Release */,
			);
			defaultConfigurationIsVisible = 0;
			defaultConfigurationName = Release;
		};
		C891F9BBFDC60E120A5C6D4C /* Build configuration list for PBXNativeTarget "WarrantyTrackeriOSUITests" */ = {
			isa = XCConfigurationList;
			buildConfigurations = (
				34CCDD3076AF004341A31BDD /* Debug */,
				CC786B508E0829BF34064933 /* Release */,
			);
			defaultConfigurationIsVisible = 0;
			defaultConfigurationName = Release;
		};
		DD9F5EEB1C94A71EDCCFDABF /* Build configuration list for PBXNativeTarget "WarrantyTracker-iOS" */ = {
			isa = XCConfigurationList;
			buildConfigurations = (
				56099273A0B8AAAA9A7C0FB4 /* Debug */,
				8F16555C789A897EC57655B1 /* Release */,
			);
			defaultConfigurationIsVisible = 0;
			defaultConfigurationName = Release;
		};
/* End XCConfigurationList section */
	};
	rootObject = 98F54143AB4E86B28C3AFEE0 /* Project object */;
}
