<?xml version="1.0" encoding="UTF-8"?>
<Scheme LastUpgradeVersion="2600" version="1.7">
<BuildAction parallelizeBuildables="YES" buildImplicitDependencies="YES"><BuildActionEntries><BuildActionEntry buildForTesting="YES" buildForRunning="YES" buildForProfiling="YES" buildForArchiving="YES" buildForAnalyzing="YES"><BuildableReference BuildableIdentifier="primary" BlueprintIdentifier="33390A2066E27B7665DAF4D4" BuildableName="WarrantyTracker.app" BlueprintName="WarrantyTracker-macOS" ReferencedContainer="container:WarrantyTracker.xcodeproj"/></BuildActionEntry></BuildActionEntries></BuildAction>
<TestAction buildConfiguration="Debug" selectedDebuggerIdentifier="Xcode.DebuggerFoundation.Debugger.LLDB" selectedLauncherIdentifier="Xcode.IDEFoundation.Launcher.LLDB" shouldUseLaunchSchemeArgsEnv="NO"><EnvironmentVariables><EnvironmentVariable key="WARRANTYTRACKER_TEST_HOST" value="1" isEnabled="YES"/></EnvironmentVariables><Testables><TestableReference skipped="NO"><BuildableReference BuildableIdentifier="primary" BlueprintIdentifier="D81ECA06B328F466246D34A5" BuildableName="WarrantyTrackerTests.xctest" BlueprintName="WarrantyTrackerTests" ReferencedContainer="container:WarrantyTracker.xcodeproj"/></TestableReference><TestableReference skipped="NO"><BuildableReference BuildableIdentifier="primary" BlueprintIdentifier="C7E11ABF6EBCC8FC0EE844E1" BuildableName="WarrantyTrackerUITests.xctest" BlueprintName="WarrantyTrackerUITests" ReferencedContainer="container:WarrantyTracker.xcodeproj"/></TestableReference></Testables></TestAction>
<LaunchAction buildConfiguration="Debug" selectedDebuggerIdentifier="Xcode.DebuggerFoundation.Debugger.LLDB" selectedLauncherIdentifier="Xcode.IDEFoundation.Launcher.LLDB" launchStyle="0" useCustomWorkingDirectory="NO" ignoresPersistentStateOnLaunch="NO" debugDocumentVersioning="YES" debugServiceExtension="internal" allowLocationSimulation="YES"><BuildableProductRunnable runnableDebuggingMode="0"><BuildableReference BuildableIdentifier="primary" BlueprintIdentifier="33390A2066E27B7665DAF4D4" BuildableName="WarrantyTracker.app" BlueprintName="WarrantyTracker-macOS" ReferencedContainer="container:WarrantyTracker.xcodeproj"/></BuildableProductRunnable></LaunchAction>
<ProfileAction buildConfiguration="Release" shouldUseLaunchSchemeArgsEnv="YES" savedToolIdentifier="" useCustomWorkingDirectory="NO" debugDocumentVersioning="YES"><BuildableProductRunnable runnableDebuggingMode="0"><BuildableReference BuildableIdentifier="primary" BlueprintIdentifier="33390A2066E27B7665DAF4D4" BuildableName="WarrantyTracker.app" BlueprintName="WarrantyTracker-macOS" ReferencedContainer="container:WarrantyTracker.xcodeproj"/></BuildableProductRunnable></ProfileAction>
<AnalyzeAction buildConfiguration="Debug"/><ArchiveAction buildConfiguration="Release" revealArchiveInOrganizer="YES"/>
</Scheme>